
Microsoft Visual Studio Solution File, Format Version 12.00
# Visual Studio Version 16
VisualStudioVersion = 16.0.29613.14
MinimumVisualStudioVersion = 10.0.40219.1
Project("{FAE04EC0-301F-11D3-BF4B-00C04F79EFBC}") = "IOC", "IOC\IOC.csproj", "{43E43557-5B75-4482-904D-59409297F2A8}"
EndProject
Global
	GlobalSection(SolutionConfigurationPlatforms) = preSolution
		Debug|Any CPU = Debug|Any CPU
		Release|Any CPU = Release|Any CPU
	EndGlobalSection
	GlobalSection(ProjectConfigurationPlatforms) = postSolution
		{43E43557-5B75-4482-904D-59409297F2A8}.Debug|Any CPU.ActiveCfg = Debug|Any CPU
		{43E43557-5B75-4482-904D-59409297F2A8}.Debug|Any CPU.Build.0 = Debug|Any CPU
		{43E43557-5B75-4482-904D-59409297F2A8}.Release|Any CPU.ActiveCfg = Release|Any CPU
		{43E43557-5B75-4482-904D-59409297F2A8}.Release|Any CPU.Build.0 = Release|Any CPU
	EndGlobalSection
	GlobalSection(SolutionProperties) = preSolution
		HideSolutionNode = FALSE
	EndGlobalSection
	GlobalSection(ExtensibilityGlobals) = postSolution
		SolutionGuid = {AF8DDDC6-A1CB-4138-9384-C02806817666}
	EndGlobalSection
EndGlobal
